
Microsoft Visual Studio Solution File, Format Version 12.00
# Visual Studio Version 16
VisualStudioVersion = 16.0.30104.148
MinimumVisualStudioVersion = 10.0.40219.1
Project("{9A19103F-16F7-4668-BE54-9A1E7A4F7556}") = "Triton", "src\Triton\Triton.csproj", "{2A51CE00-5EB2-4DD4-81BA-79A36EA39DC9}"
EndProject
Project("{9A19103F-16F7-4668-BE54-9A1E7A4F7556}") = "Triton.Tests", "tests\Triton.Tests\Triton.Tests.csproj", "{0F2668D7-F24F-4EAD-BA1F-A964C033A97C}"
EndProject
Project("{2150E333-8FDC-42A3-9474-1A3956D46DE8}") = "Solution Items", "Solution Items", "{F12A2565-267E-4FB3-99BC-8C32B877641F}"
	ProjectSection(SolutionItems) = preProject
		.editorconfig = .editorconfig
		.gitignore = .gitignore
		.github\workflows\dotnet.yml = .github\workflows\dotnet.yml
		LICENSE = LICENSE
	EndProjectSection
EndProject
Project("{9A19103F-16F7-4668-BE54-9A1E7A4F7556}") = "Triton.Benchmarks", "benchmarks\Triton.Benchmarks\Triton.Benchmarks.csproj", "{78B41C86-3863-478D-B9EE-2AF0DC62D067}"
EndProject
Global
	GlobalSection(SolutionConfigurationPlatforms) = preSolution
		Debug|Any CPU = Debug|Any CPU
		Release|Any CPU = Release|Any CPU
	EndGlobalSection
	GlobalSection(ProjectConfigurationPlatforms) = postSolution
		{2A51CE00-5EB2-4DD4-81BA-79A36EA39DC9}.Debug|Any CPU.ActiveCfg = Debug|Any CPU
		{2A51CE00-5EB2-4DD4-81BA-79A36EA39DC9}.Debug|Any CPU.Build.0 = Debug|Any CPU
		{2A51CE00-5EB2-4DD4-81BA-79A36EA39DC9}.Release|Any CPU.ActiveCfg = Release|Any CPU
		{2A51CE00-5EB2-4DD4-81BA-79A36EA39DC9}.Release|Any CPU.Build.0 = Release|Any CPU
		{0F2668D7-F24F-4EAD-BA1F-A964C033A97C}.Debug|Any CPU.ActiveCfg = Debug|Any CPU
		{0F2668D7-F24F-4EAD-BA1F-A964C033A97C}.Debug|Any CPU.Build.0 = Debug|Any CPU
		{0F2668D7-F24F-4EAD-BA1F-A964C033A97C}.Release|Any CPU.ActiveCfg = Release|Any CPU
		{0F2668D7-F24F-4EAD-BA1F-A964C033A97C}.Release|Any CPU.Build.0 = Release|Any CPU
		{78B41C86-3863-478D-B9EE-2AF0DC62D067}.Debug|Any CPU.ActiveCfg = Debug|Any CPU
		{78B41C86-3863-478D-B9EE-2AF0DC62D067}.Debug|Any CPU.Build.0 = Debug|Any CPU
		{78B41C86-3863-478D-B9EE-2AF0DC62D067}.Release|Any CPU.ActiveCfg = Release|Any CPU
		{78B41C86-3863-478D-B9EE-2AF0DC62D067}.Release|Any CPU.Build.0 = Release|Any CPU
	EndGlobalSection
	GlobalSection(SolutionProperties) = preSolution
		HideSolutionNode = FALSE
	EndGlobalSection
	GlobalSection(ExtensibilityGlobals) = postSolution
		SolutionGuid = {E485C498-F0FB-4E3A-A9B0-ADF72DD68840}
	EndGlobalSection
EndGlobal
